
Microsoft Visual Studio Solution File, Format Version 12.00
# Visual Studio Version 16
VisualStudioVersion = 16.0.29319.158
MinimumVisualStudioVersion = 15.0.26124.0
Project("{FAE04EC0-301F-11D3-BF4B-00C04F79EFBC}") = "Blazor.DragDrop.Demo", "Blazor.DragDrop.Demo\Blazor.DragDrop.Demo.csproj", "{2240EA7F-40AA-4922-A77D-1CA26005E08D}"
EndProject
Project("{FAE04EC0-301F-11D3-BF4B-00C04F79EFBC}") = "Blazor.DragDrop.Core", "Blazor.DragDrop.Core\Blazor.DragDrop.Core.csproj", "{12A2DA4C-970D-434A-81E8-63C951849663}"
EndProject
Global
	GlobalSection(SolutionConfigurationPlatforms) = preSolution
		Debug|Any CPU = Debug|Any CPU
		Debug|x64 = Debug|x64
		Debug|x86 = Debug|x86
		Release|Any CPU = Release|Any CPU
		Release|x64 = Release|x64
		Release|x86 = Release|x86
	EndGlobalSection
	GlobalSection(ProjectConfigurationPlatforms) = postSolution
		{2240EA7F-40AA-4922-A77D-1CA26005E08D}.Debug|Any CPU.ActiveCfg = Debug|Any CPU
		{2240EA7F-40AA-4922-A77D-1CA26005E08D}.Debug|Any CPU.Build.0 = Debug|Any CPU
		{2240EA7F-40AA-4922-A77D-1CA26005E08D}.Debug|x64.ActiveCfg = Debug|Any CPU
		{2240EA7F-40AA-4922-A77D-1CA26005E08D}.Debug|x64.Build.0 = Debug|Any CPU
		{2240EA7F-40AA-4922-A77D-1CA26005E08D}.Debug|x86.ActiveCfg = Debug|Any CPU
		{2240EA7F-40AA-4922-A77D-1CA26005E08D}.Debug|x86.Build.0 = Debug|Any CPU
		{2240EA7F-40AA-4922-A77D-1CA26005E08D}.Release|Any CPU.ActiveCfg = Release|Any CPU
		{2240EA7F-40AA-4922-A77D-1CA26005E08D}.Release|Any CPU.Build.0 = Release|Any CPU
		{2240EA7F-40AA-4922-A77D-1CA26005E08D}.Release|x64.ActiveCfg = Release|Any CPU
		{2240EA7F-40AA-4922-A77D-1CA26005E08D}.Release|x64.Build.0 = Release|Any CPU
		{2240EA7F-40AA-4922-A77D-1CA26005E08D}.Release|x86.ActiveCfg = Release|Any CPU
		{2240EA7F-40AA-4922-A77D-1CA26005E08D}.Release|x86.Build.0 = Release|Any CPU
		{12A2DA4C-970D-434A-81E8-63C951849663}.Debug|Any CPU.ActiveCfg = Debug|Any CPU
		{12A2DA4C-970D-434A-81E8-63C951849663}.Debug|Any CPU.Build.0 = Debug|Any CPU
		{12A2DA4C-970D-434A-81E8-63C951849663}.Debug|x64.ActiveCfg = Debug|Any CPU
		{12A2DA4C-970D-434A-81E8-63C951849663}.Debug|x64.Build.0 = Debug|Any CPU
		{12A2DA4C-970D-434A-81E8-63C951849663}.Debug|x86.ActiveCfg = Debug|Any CPU
		{12A2DA4C-970D-434A-81E8-63C951849663}.Debug|x86.Build.0 = Debug|Any CPU
		{12A2DA4C-970D-434A-81E8-63C951849663}.Release|Any CPU.ActiveCfg = Release|Any CPU
		{12A2DA4C-970D-434A-81E8-63C951849663}.Release|Any CPU.Build.0 = Release|Any CPU
		{12A2DA4C-970D-434A-81E8-63C951849663}.Release|x64.ActiveCfg = Release|Any CPU
		{12A2DA4C-970D-434A-81E8-63C951849663}.Release|x64.Build.0 = Release|Any CPU
		{12A2DA4C-970D-434A-81E8-63C951849663}.Release|x86.ActiveCfg = Release|Any CPU
		{12A2DA4C-970D-434A-81E8-63C951849663}.Release|x86.Build.0 = Release|Any CPU
	EndGlobalSection
	GlobalSection(SolutionProperties) = preSolution
		HideSolutionNode = FALSE
	EndGlobalSection
	GlobalSection(ExtensibilityGlobals) = postSolution
		SolutionGuid = {1AB2DD22-96F2-47FB-BD48-EDC85C8DD2E8}
	EndGlobalSection
EndGlobal
